
Microsoft Visual Studio Solution File, Format Version 12.00
# Visual Studio Version 17
VisualStudioVersion = 17.10.35013.160
MinimumVisualStudioVersion = 10.0.40219.1
Project("{FAE04EC0-301F-11D3-BF4B-00C04F79EFBC}") = "Exo_RecapBase_Mastermind", "Exo_RecapBase_Mastermind\Exo_RecapBase_Mastermind.csproj", "{73F88406-B753-4354-9880-5D1468F4791E}"
EndProject
Global
	GlobalSection(SolutionConfigurationPlatforms) = preSolution
		Debug|Any CPU = Debug|Any CPU
		Release|Any CPU = Release|Any CPU
	EndGlobalSection
	GlobalSection(ProjectConfigurationPlatforms) = postSolution
		{73F88406-B753-4354-9880-5D1468F4791E}.Debug|Any CPU.ActiveCfg = Debug|Any CPU
		{73F88406-B753-4354-9880-5D1468F4791E}.Debug|Any CPU.Build.0 = Debug|Any CPU
		{73F88406-B753-4354-9880-5D1468F4791E}.Release|Any CPU.ActiveCfg = Release|Any CPU
		{73F88406-B753-4354-9880-5D1468F4791E}.Release|Any CPU.Build.0 = Release|Any CPU
	EndGlobalSection
	GlobalSection(SolutionProperties) = preSolution
		HideSolutionNode = FALSE
	EndGlobalSection
	GlobalSection(ExtensibilityGlobals) = postSolution
		SolutionGuid = {CA752CC5-177A-458D-87E7-EC3086B26E7B}
	EndGlobalSection
EndGlobal
